
Microsoft Visual Studio Solution File, Format Version 12.00
# Visual Studio 15
VisualStudioVersion = 15.0.28307.1622
MinimumVisualStudioVersion = 10.0.40219.1
Project("{FAE04EC0-301F-11D3-BF4B-00C04F79EFBC}") = "GUI", "QuanLyBenhNhan\GUI.csproj", "{15BC05D7-A1F8-49C5-9DC6-5E45547A4DB9}"
EndProject
Project("{FAE04EC0-301F-11D3-BF4B-00C04F79EFBC}") = "DAO", "DAO\DAO.csproj", "{2E24FE8F-8D8C-424E-BA6E-603A526E62ED}"
EndProject
Project("{FAE04EC0-301F-11D3-BF4B-00C04F79EFBC}") = "BUS", "BUS\BUS.csproj", "{81E5EACE-DA1B-4178-8A70-A532CE9049E0}"
EndProject
Project("{FAE04EC0-301F-11D3-BF4B-00C04F79EFBC}") = "DTO", "DTO\DTO.csproj", "{B1F74DE2-7D4B-4E33-8F77-0D68AAC353F9}"
EndProject
Global
	GlobalSection(SolutionConfigurationPlatforms) = preSolution
		Debug|Any CPU = Debug|Any CPU
		Release|Any CPU = Release|Any CPU
	EndGlobalSection
	GlobalSection(ProjectConfigurationPlatforms) = postSolution
		{15BC05D7-A1F8-49C5-9DC6-5E45547A4DB9}.Debug|Any CPU.ActiveCfg = Debug|Any CPU
		{15BC05D7-A1F8-49C5-9DC6-5E45547A4DB9}.Debug|Any CPU.Build.0 = Debug|Any CPU
		{15BC05D7-A1F8-49C5-9DC6-5E45547A4DB9}.Release|Any CPU.ActiveCfg = Release|Any CPU
		{15BC05D7-A1F8-49C5-9DC6-5E45547A4DB9}.Release|Any CPU.Build.0 = Release|Any CPU
		{2E24FE8F-8D8C-424E-BA6E-603A526E62ED}.Debug|Any CPU.ActiveCfg = Debug|Any CPU
		{2E24FE8F-8D8C-424E-BA6E-603A526E62ED}.Debug|Any CPU.Build.0 = Debug|Any CPU
		{2E24FE8F-8D8C-424E-BA6E-603A526E62ED}.Release|Any CPU.ActiveCfg = Release|Any CPU
		{2E24FE8F-8D8C-424E-BA6E-603A526E62ED}.Release|Any CPU.Build.0 = Release|Any CPU
		{81E5EACE-DA1B-4178-8A70-A532CE9049E0}.Debug|Any CPU.ActiveCfg = Debug|Any CPU
		{81E5EACE-DA1B-4178-8A70-A532CE9049E0}.Debug|Any CPU.Build.0 = Debug|Any CPU
		{81E5EACE-DA1B-4178-8A70-A532CE9049E0}.Release|Any CPU.ActiveCfg = Release|Any CPU
		{81E5EACE-DA1B-4178-8A70-A532CE9049E0}.Release|Any CPU.Build.0 = Release|Any CPU
		{B1F74DE2-7D4B-4E33-8F77-0D68AAC353F9}.Debug|Any CPU.ActiveCfg = Debug|Any CPU
		{B1F74DE2-7D4B-4E33-8F77-0D68AAC353F9}.Debug|Any CPU.Build.0 = Debug|Any CPU
		{B1F74DE2-7D4B-4E33-8F77-0D68AAC353F9}.Release|Any CPU.ActiveCfg = Release|Any CPU
		{B1F74DE2-7D4B-4E33-8F77-0D68AAC353F9}.Release|Any CPU.Build.0 = Release|Any CPU
	EndGlobalSection
	GlobalSection(SolutionProperties) = preSolution
		HideSolutionNode = FALSE
	EndGlobalSection
	GlobalSection(ExtensibilityGlobals) = postSolution
		SolutionGuid = {D611330B-39F0-476F-97F7-B2CD88DB0284}
	EndGlobalSection
EndGlobal
